
Microsoft Visual Studio Solution File, Format Version 12.00
Project("{FAE04EC0-301F-11D3-BF4B-00C04F79EFBC}") = "Structs1", "Structs1.csproj", "{65BB8922-5783-4A25-B2F3-418E883AD8BE}"
EndProject
Global
	GlobalSection(SolutionConfigurationPlatforms) = preSolution
		Debug|Any CPU = Debug|Any CPU
		Release|Any CPU = Release|Any CPU
	EndGlobalSection
	GlobalSection(ProjectConfigurationPlatforms) = postSolution
		{65BB8922-5783-4A25-B2F3-418E883AD8BE}.Debug|Any CPU.ActiveCfg = Debug|Any CPU
		{65BB8922-5783-4A25-B2F3-418E883AD8BE}.Debug|Any CPU.Build.0 = Debug|Any CPU
		{65BB8922-5783-4A25-B2F3-418E883AD8BE}.Release|Any CPU.ActiveCfg = Release|Any CPU
		{65BB8922-5783-4A25-B2F3-418E883AD8BE}.Release|Any CPU.Build.0 = Release|Any CPU
	EndGlobalSection
EndGlobal
