
Microsoft Visual Studio Solution File, Format Version 12.00
Project("{FAE04EC0-301F-11D3-BF4B-00C04F79EFBC}") = "Isograms", "Isograms.csproj", "{ED895739-1DBD-4A04-B3F2-5AB51C577C03}"
EndProject
Global
	GlobalSection(SolutionConfigurationPlatforms) = preSolution
		Debug|Any CPU = Debug|Any CPU
		Release|Any CPU = Release|Any CPU
	EndGlobalSection
	GlobalSection(ProjectConfigurationPlatforms) = postSolution
		{ED895739-1DBD-4A04-B3F2-5AB51C577C03}.Debug|Any CPU.ActiveCfg = Debug|Any CPU
		{ED895739-1DBD-4A04-B3F2-5AB51C577C03}.Debug|Any CPU.Build.0 = Debug|Any CPU
		{ED895739-1DBD-4A04-B3F2-5AB51C577C03}.Release|Any CPU.ActiveCfg = Release|Any CPU
		{ED895739-1DBD-4A04-B3F2-5AB51C577C03}.Release|Any CPU.Build.0 = Release|Any CPU
	EndGlobalSection
EndGlobal
