
Microsoft Visual Studio Solution File, Format Version 12.00
Project("{FAE04EC0-301F-11D3-BF4B-00C04F79EFBC}") = "Sekcja 2 Making Decisions", "Sekcja 2 Making Decisions\Sekcja 2 Making Decisions.csproj", "{F109EDFF-9AA2-4353-88DC-880343CDEB1B}"
EndProject
Global
	GlobalSection(SolutionConfigurationPlatforms) = preSolution
		Debug|Any CPU = Debug|Any CPU
		Release|Any CPU = Release|Any CPU
	EndGlobalSection
	GlobalSection(ProjectConfigurationPlatforms) = postSolution
		{F109EDFF-9AA2-4353-88DC-880343CDEB1B}.Debug|Any CPU.ActiveCfg = Debug|Any CPU
		{F109EDFF-9AA2-4353-88DC-880343CDEB1B}.Debug|Any CPU.Build.0 = Debug|Any CPU
		{F109EDFF-9AA2-4353-88DC-880343CDEB1B}.Release|Any CPU.ActiveCfg = Release|Any CPU
		{F109EDFF-9AA2-4353-88DC-880343CDEB1B}.Release|Any CPU.Build.0 = Release|Any CPU
	EndGlobalSection
	GlobalSection(NestedProjects) = preSolution
	EndGlobalSection
EndGlobal
