
Microsoft Visual Studio Solution File, Format Version 12.00
Project("{FAE04EC0-301F-11D3-BF4B-00C04F79EFBC}") = "Collection1", "Collection1.csproj", "{EEF16F8F-D528-4AC0-865B-C5B7A6C3317F}"
EndProject
Global
	GlobalSection(SolutionConfigurationPlatforms) = preSolution
		Debug|Any CPU = Debug|Any CPU
		Release|Any CPU = Release|Any CPU
	EndGlobalSection
	GlobalSection(ProjectConfigurationPlatforms) = postSolution
		{EEF16F8F-D528-4AC0-865B-C5B7A6C3317F}.Debug|Any CPU.ActiveCfg = Debug|Any CPU
		{EEF16F8F-D528-4AC0-865B-C5B7A6C3317F}.Debug|Any CPU.Build.0 = Debug|Any CPU
		{EEF16F8F-D528-4AC0-865B-C5B7A6C3317F}.Release|Any CPU.ActiveCfg = Release|Any CPU
		{EEF16F8F-D528-4AC0-865B-C5B7A6C3317F}.Release|Any CPU.Build.0 = Release|Any CPU
	EndGlobalSection
EndGlobal
