
Microsoft Visual Studio Solution File, Format Version 12.00
# Visual Studio Version 17
VisualStudioVersion = 17.10.35013.160
MinimumVisualStudioVersion = 10.0.40219.1
Project("{FAE04EC0-301F-11D3-BF4B-00C04F79EFBC}") = "WpfApp2", "WpfApp2\WpfApp2.csproj", "{CA73D3A6-C0C4-4526-9046-80A2735B4901}"
EndProject
Global
	GlobalSection(SolutionConfigurationPlatforms) = preSolution
		Debug|Any CPU = Debug|Any CPU
		Release|Any CPU = Release|Any CPU
	EndGlobalSection
	GlobalSection(ProjectConfigurationPlatforms) = postSolution
		{CA73D3A6-C0C4-4526-9046-80A2735B4901}.Debug|Any CPU.ActiveCfg = Debug|Any CPU
		{CA73D3A6-C0C4-4526-9046-80A2735B4901}.Debug|Any CPU.Build.0 = Debug|Any CPU
		{CA73D3A6-C0C4-4526-9046-80A2735B4901}.Release|Any CPU.ActiveCfg = Release|Any CPU
		{CA73D3A6-C0C4-4526-9046-80A2735B4901}.Release|Any CPU.Build.0 = Release|Any CPU
	EndGlobalSection
	GlobalSection(SolutionProperties) = preSolution
		HideSolutionNode = FALSE
	EndGlobalSection
	GlobalSection(ExtensibilityGlobals) = postSolution
		SolutionGuid = {D1003991-8C35-478F-8645-DDBDB9E10A6C}
	EndGlobalSection
EndGlobal
