
Microsoft Visual Studio Solution File, Format Version 12.00
Project("{FAE04EC0-301F-11D3-BF4B-00C04F79EFBC}") = "Collections4", "Collections4.csproj", "{5922B1E2-8A23-4EF4-B7E8-00B770FCCDB6}"
EndProject
Global
	GlobalSection(SolutionConfigurationPlatforms) = preSolution
		Debug|Any CPU = Debug|Any CPU
		Release|Any CPU = Release|Any CPU
	EndGlobalSection
	GlobalSection(ProjectConfigurationPlatforms) = postSolution
		{5922B1E2-8A23-4EF4-B7E8-00B770FCCDB6}.Debug|Any CPU.ActiveCfg = Debug|Any CPU
		{5922B1E2-8A23-4EF4-B7E8-00B770FCCDB6}.Debug|Any CPU.Build.0 = Debug|Any CPU
		{5922B1E2-8A23-4EF4-B7E8-00B770FCCDB6}.Release|Any CPU.ActiveCfg = Release|Any CPU
		{5922B1E2-8A23-4EF4-B7E8-00B770FCCDB6}.Release|Any CPU.Build.0 = Release|Any CPU
	EndGlobalSection
EndGlobal
